{
  "version": 4,
  "terraform_version": "1.9.6",
  "serial": 16,
  "lineage": "18c58ee5-fa06-1f00-dd83-f37fbea7c773",
  "outputs": {},
  "resources": [
    {
      "mode": "managed",
      "type": "docker_image",
      "name": "ubuntu",
      "provider": "provider[\"registry.terraform.io/kreuzwerker/docker\"]",
      "instances": [
        {
          "schema_version": 0,
          "attributes": {
            "build": [],
            "force_remove": null,
            "id": "sha256:5b117edd0b767986092e9f721ba2364951b0a271f53f1f41aff9dd1861c2d4feubuntu:precise",
            "image_id": "sha256:5b117edd0b767986092e9f721ba2364951b0a271f53f1f41aff9dd1861c2d4fe",
            "keep_locally": null,
            "name": "ubuntu:precise",
            "platform": null,
            "pull_triggers": null,
            "repo_digest": "ubuntu@sha256:18305429afa14ea462f810146ba44d4363ae76e4c8dfc38288cf73aa07485005",
            "triggers": null
          },
          "sensitive_attributes": [],
          "private": "bnVsbA=="
        }
      ]
    }
  ],
  "check_results": null
}
